
Microsoft Visual Studio Solution File, Format Version 12.00
# Visual Studio Version 17
VisualStudioVersion = 17.14.36212.18 d17.14
MinimumVisualStudioVersion = 10.0.40219.1
Project("{FAE04EC0-301F-11D3-BF4B-00C04F79EFBC}") = "EFASS", "EFASS\EFASS.csproj", "{5FA2738C-9A59-45D6-88D6-BB6BC0ACE47E}"
EndProject
Global
	GlobalSection(SolutionConfigurationPlatforms) = preSolution
		Debug|Any CPU = Debug|Any CPU
		Release|Any CPU = Release|Any CPU
	EndGlobalSection
	GlobalSection(ProjectConfigurationPlatforms) = postSolution
		{5FA2738C-9A59-45D6-88D6-BB6BC0ACE47E}.Debug|Any CPU.ActiveCfg = Debug|Any CPU
		{5FA2738C-9A59-45D6-88D6-BB6BC0ACE47E}.Debug|Any CPU.Build.0 = Debug|Any CPU
		{5FA2738C-9A59-45D6-88D6-BB6BC0ACE47E}.Release|Any CPU.ActiveCfg = Release|Any CPU
		{5FA2738C-9A59-45D6-88D6-BB6BC0ACE47E}.Release|Any CPU.Build.0 = Release|Any CPU
	EndGlobalSection
	GlobalSection(SolutionProperties) = preSolution
		HideSolutionNode = FALSE
	EndGlobalSection
	GlobalSection(ExtensibilityGlobals) = postSolution
		SolutionGuid = {19990C5A-AE59-47F7-BF4F-DC734904A675}
	EndGlobalSection
EndGlobal
